
Microsoft Visual Studio Solution File, Format Version 12.00
# Visual Studio Version 17
VisualStudioVersion = 17.6.33829.357
MinimumVisualStudioVersion = 10.0.40219.1
Project("{8BC9CEB8-8B4A-11D0-8D11-00A0C91BC942}") = "Project18", "Project18.vcxproj", "{14FCA36D-0885-48CE-B0FB-EBC1EA9ED51A}"
EndProject
Global
	GlobalSection(SolutionConfigurationPlatforms) = preSolution
		Debug|x64 = Debug|x64
		Debug|x86 = Debug|x86
		Release|x64 = Release|x64
		Release|x86 = Release|x86
	EndGlobalSection
	GlobalSection(ProjectConfigurationPlatforms) = postSolution
		{14FCA36D-0885-48CE-B0FB-EBC1EA9ED51A}.Debug|x64.ActiveCfg = Debug|x64
		{14FCA36D-0885-48CE-B0FB-EBC1EA9ED51A}.Debug|x64.Build.0 = Debug|x64
		{14FCA36D-0885-48CE-B0FB-EBC1EA9ED51A}.Debug|x86.ActiveCfg = Debug|Win32
		{14FCA36D-0885-48CE-B0FB-EBC1EA9ED51A}.Debug|x86.Build.0 = Debug|Win32
		{14FCA36D-0885-48CE-B0FB-EBC1EA9ED51A}.Release|x64.ActiveCfg = Release|x64
		{14FCA36D-0885-48CE-B0FB-EBC1EA9ED51A}.Release|x64.Build.0 = Release|x64
		{14FCA36D-0885-48CE-B0FB-EBC1EA9ED51A}.Release|x86.ActiveCfg = Release|Win32
		{14FCA36D-0885-48CE-B0FB-EBC1EA9ED51A}.Release|x86.Build.0 = Release|Win32
	EndGlobalSection
	GlobalSection(SolutionProperties) = preSolution
		HideSolutionNode = FALSE
	EndGlobalSection
	GlobalSection(ExtensibilityGlobals) = postSolution
		SolutionGuid = {6C9F0967-F133-4651-8DDD-EAA25057515A}
	EndGlobalSection
EndGlobal
