
Microsoft Visual Studio Solution File, Format Version 12.00
# Visual Studio Version 17
VisualStudioVersion = 17.6.33829.357
MinimumVisualStudioVersion = 10.0.40219.1
Project("{8BC9CEB8-8B4A-11D0-8D11-00A0C91BC942}") = "Project19", "Project19.vcxproj", "{185BEE09-3194-4CB6-A85B-61F1D7CE92B8}"
EndProject
Global
	GlobalSection(SolutionConfigurationPlatforms) = preSolution
		Debug|x64 = Debug|x64
		Debug|x86 = Debug|x86
		Release|x64 = Release|x64
		Release|x86 = Release|x86
	EndGlobalSection
	GlobalSection(ProjectConfigurationPlatforms) = postSolution
		{185BEE09-3194-4CB6-A85B-61F1D7CE92B8}.Debug|x64.ActiveCfg = Debug|x64
		{185BEE09-3194-4CB6-A85B-61F1D7CE92B8}.Debug|x64.Build.0 = Debug|x64
		{185BEE09-3194-4CB6-A85B-61F1D7CE92B8}.Debug|x86.ActiveCfg = Debug|Win32
		{185BEE09-3194-4CB6-A85B-61F1D7CE92B8}.Debug|x86.Build.0 = Debug|Win32
		{185BEE09-3194-4CB6-A85B-61F1D7CE92B8}.Release|x64.ActiveCfg = Release|x64
		{185BEE09-3194-4CB6-A85B-61F1D7CE92B8}.Release|x64.Build.0 = Release|x64
		{185BEE09-3194-4CB6-A85B-61F1D7CE92B8}.Release|x86.ActiveCfg = Release|Win32
		{185BEE09-3194-4CB6-A85B-61F1D7CE92B8}.Release|x86.Build.0 = Release|Win32
	EndGlobalSection
	GlobalSection(SolutionProperties) = preSolution
		HideSolutionNode = FALSE
	EndGlobalSection
	GlobalSection(ExtensibilityGlobals) = postSolution
		SolutionGuid = {6693D0F7-7042-4674-821B-16D525FE68EA}
	EndGlobalSection
EndGlobal
